
Microsoft Visual Studio Solution File, Format Version 12.00
# Visual Studio Version 17
VisualStudioVersion = 17.0.31919.166
MinimumVisualStudioVersion = 10.0.40219.1
Project("{FAE04EC0-301F-11D3-BF4B-00C04F79EFBC}") = "RPG", "RPG\RPG.csproj", "{64683705-F92C-4984-A631-DC6B963AA43C}"
EndProject
Global
	GlobalSection(SolutionConfigurationPlatforms) = preSolution
		Debug|Any CPU = Debug|Any CPU
		Release|Any CPU = Release|Any CPU
	EndGlobalSection
	GlobalSection(ProjectConfigurationPlatforms) = postSolution
		{64683705-F92C-4984-A631-DC6B963AA43C}.Debug|Any CPU.ActiveCfg = Debug|Any CPU
		{64683705-F92C-4984-A631-DC6B963AA43C}.Debug|Any CPU.Build.0 = Debug|Any CPU
		{64683705-F92C-4984-A631-DC6B963AA43C}.Release|Any CPU.ActiveCfg = Release|Any CPU
		{64683705-F92C-4984-A631-DC6B963AA43C}.Release|Any CPU.Build.0 = Release|Any CPU
	EndGlobalSection
	GlobalSection(SolutionProperties) = preSolution
		HideSolutionNode = FALSE
	EndGlobalSection
	GlobalSection(ExtensibilityGlobals) = postSolution
		SolutionGuid = {5DC1B1BA-9E90-4068-A3D3-818317234082}
	EndGlobalSection
EndGlobal
